
Microsoft Visual Studio Solution File, Format Version 12.00
# Visual Studio Version 17
VisualStudioVersion = 17.4.33801.306
MinimumVisualStudioVersion = 10.0.40219.1
Project("{FAE04EC0-301F-11D3-BF4B-00C04F79EFBC}") = "HelloWorld", "HelloWorld\HelloWorld.csproj", "{4984AC6A-37C3-4E5F-80F2-C8CDCE76545A}"
EndProject
Global
	GlobalSection(SolutionConfigurationPlatforms) = preSolution
		Debug|Any CPU = Debug|Any CPU
		Release|Any CPU = Release|Any CPU
	EndGlobalSection
	GlobalSection(ProjectConfigurationPlatforms) = postSolution
		{4984AC6A-37C3-4E5F-80F2-C8CDCE76545A}.Debug|Any CPU.ActiveCfg = Debug|Any CPU
		{4984AC6A-37C3-4E5F-80F2-C8CDCE76545A}.Debug|Any CPU.Build.0 = Debug|Any CPU
		{4984AC6A-37C3-4E5F-80F2-C8CDCE76545A}.Release|Any CPU.ActiveCfg = Release|Any CPU
		{4984AC6A-37C3-4E5F-80F2-C8CDCE76545A}.Release|Any CPU.Build.0 = Release|Any CPU
	EndGlobalSection
	GlobalSection(SolutionProperties) = preSolution
		HideSolutionNode = FALSE
	EndGlobalSection
	GlobalSection(ExtensibilityGlobals) = postSolution
		SolutionGuid = {C136D713-688C-4D8A-ACE1-6154892D5575}
	EndGlobalSection
EndGlobal
